// !$*UTF8*$!
{
	archiveVersion = 1;
	classes = {
	};
	objectVersion = 46;
	objects = {

/* Begin PBXBuildFile section */
		2870107A1FB981C700CF48B1 /* Pin+CoreDataClass.swift in Sources */ = {isa = PBXBuildFile; fileRef = 287010781FB981C700CF48B1 /* Pin+CoreDataClass.swift */; };
		2870107B1FB981C700CF48B1 /* Pin+CoreDataProperties.swift in Sources */ = {isa = PBXBuildFile; fileRef = 287010791FB981C700CF48B1 /* Pin+CoreDataProperties.swift */; };
		28E5A70C1F99A87000F68C71 /* FlickrCollectionViewController.swift in Sources */ = {isa = PBXBuildFile; fileRef = 28E5A70B1F99A87000F68C71 /* FlickrCollectionViewController.swift */; };
		650DFE031FB952C500B365BC /* HelperFunctions.swift in Sources */ = {isa = PBXBuildFile; fileRef = 650DFE021FB952C500B365BC /* HelperFunctions.swift */; };
		6515C6981F4EDD8D003116FE /* CoreDataConnection.swift in Sources */ = {isa = PBXBuildFile; fileRef = 6515C6971F4EDD8D003116FE /* CoreDataConnection.swift */; };
		6567AA9C1F4E8E070018294C /* AppDelegate.swift in Sources */ = {isa = PBXBuildFile; fileRef = 6567AA9B1F4E8E070018294C /* AppDelegate.swift */; };
		6567AA9E1F4E8E070018294C /* ViewController.swift in Sources */ = {isa = PBXBuildFile; fileRef = 6567AA9D1F4E8E070018294C /* ViewController.swift */; };
		6567AAA11F4E8E070018294C /* Main.storyboard in Resources */ = {isa = PBXBuildFile; fileRef = 6567AA9F1F4E8E070018294C /* Main.storyboard */; };
		6567AAA31F4E8E070018294C /* Assets.xcassets in Resources */ = {isa = PBXBuildFile; fileRef = 6567AAA21F4E8E070018294C /* Assets.xcassets */; };
		6567AAA61F4E8E070018294C /* LaunchScreen.storyboard in Resources */ = {isa = PBXBuildFile; fileRef = 6567AAA41F4E8E070018294C /* LaunchScreen.storyboard */; };
		6567AAB11F4E8F920018294C /* GCDBlackBox.swift in Sources */ = {isa = PBXBuildFile; fileRef = 6567AAB01F4E8F920018294C /* GCDBlackBox.swift */; };
		6567AAB61F4E93200018294C /* Model.xcdatamodeld in Sources */ = {isa = PBXBuildFile; fileRef = 6567AAB41F4E93200018294C /* Model.xcdatamodeld */; };
		656EF2C51FB4555A00847ED7 /* Photos+CoreDataClass.swift in Sources */ = {isa = PBXBuildFile; fileRef = 656EF2C31FB4555A00847ED7 /* Photos+CoreDataClass.swift */; };
		656EF2C61FB4555A00847ED7 /* Photos+CoreDataProperties.swift in Sources */ = {isa = PBXBuildFile; fileRef = 656EF2C41FB4555A00847ED7 /* Photos+CoreDataProperties.swift */; };
		65B417881FA85DE6000FD441 /* CoreDataStack.swift in Sources */ = {isa = PBXBuildFile; fileRef = 65B417871FA85DE6000FD441 /* CoreDataStack.swift */; };
		65C1EF311F9DC9B200789591 /* FlickrConstants.swift in Sources */ = {isa = PBXBuildFile; fileRef = 65C1EF301F9DC9B200789591 /* FlickrConstants.swift */; };
		65FF1B2F1FB969FD00013DB8 /* FlickrClient.swift in Sources */ = {isa = PBXBuildFile; fileRef = 65FF1B2E1FB969FD00013DB8 /* FlickrClient.swift */; };
		65FF1B311FB96AF700013DB8 /* FlickrConvinienceFunctions.swift in Sources */ = {isa = PBXBuildFile; fileRef = 65FF1B301FB96AF700013DB8 /* FlickrConvinienceFunctions.swift */; };
/* End PBXBuildFile section */

/* Begin PBXFileReference section */
		287010781FB981C700CF48B1 /* Pin+CoreDataClass.swift */ = {isa = PBXFileReference; fileEncoding = 4; lastKnownFileType = sourcecode.swift; path = "Pin+CoreDataClass.swift"; sourceTree = "<group>"; };
		287010791FB981C700CF48B1 /* Pin+CoreDataProperties.swift */ = {isa = PBXFileReference; fileEncoding = 4; lastKnownFileType = sourcecode.swift; path = "Pin+CoreDataProperties.swift"; sourceTree = "<group>"; };
		28E5A70B1F99A87000F68C71 /* FlickrCollectionViewController.swift */ = {isa = PBXFileReference; fileEncoding = 4; lastKnownFileType = sourcecode.swift; path = FlickrCollectionViewController.swift; sourceTree = "<group>"; };
		650DFE021FB952C500B365BC /* HelperFunctions.swift */ = {isa = PBXFileReference; lastKnownFileType = sourcecode.swift; path = HelperFunctions.swift; sourceTree = "<group>"; };
		6515C6971F4EDD8D003116FE /* CoreDataConnection.swift */ = {isa = PBXFileReference; fileEncoding = 4; lastKnownFileType = sourcecode.swift; path = CoreDataConnection.swift; sourceTree = "<group>"; };
		6567AA981F4E8E070018294C /* Virtual Tourist.app */ = {isa = PBXFileReference; explicitFileType = wrapper.application; includeInIndex = 0; path = "Virtual Tourist.app"; sourceTree = BUILT_PRODUCTS_DIR; };
		6567AA9B1F4E8E070018294C /* AppDelegate.swift */ = {isa = PBXFileReference; lastKnownFileType = sourcecode.swift; name = AppDelegate.swift; path = "Virtual Tourist/AppDelegate.swift"; sourceTree = "<group>"; };
		6567AA9D1F4E8E070018294C /* ViewController.swift */ = {isa = PBXFileReference; lastKnownFileType = sourcecode.swift; path = ViewController.swift; sourceTree = "<group>"; };
		6567AAA01F4E8E070018294C /* Base */ = {isa = PBXFileReference; lastKnownFileType = file.storyboard; name = Base; path = Base.lproj/Main.storyboard; sourceTree = "<group>"; };
		6567AAA21F4E8E070018294C /* Assets.xcassets */ = {isa = PBXFileReference; lastKnownFileType = folder.assetcatalog; path = Assets.xcassets; sourceTree = "<group>"; };
		6567AAA51F4E8E070018294C /* Base */ = {isa = PBXFileReference; lastKnownFileType = file.storyboard; name = Base; path = Base.lproj/LaunchScreen.storyboard; sourceTree = "<group>"; };
		6567AAA71F4E8E070018294C /* Info.plist */ = {isa = PBXFileReference; lastKnownFileType = text.plist.xml; path = Info.plist; sourceTree = "<group>"; };
		6567AAB01F4E8F920018294C /* GCDBlackBox.swift */ = {isa = PBXFileReference; fileEncoding = 4; lastKnownFileType = sourcecode.swift; path = GCDBlackBox.swift; sourceTree = "<group>"; };
		6567AAB51F4E93200018294C /* Model.xcdatamodel */ = {isa = PBXFileReference; lastKnownFileType = wrapper.xcdatamodel; path = Model.xcdatamodel; sourceTree = "<group>"; };
		656EF2C31FB4555A00847ED7 /* Photos+CoreDataClass.swift */ = {isa = PBXFileReference; lastKnownFileType = sourcecode.swift; path = "Photos+CoreDataClass.swift"; sourceTree = "<group>"; };
		656EF2C41FB4555A00847ED7 /* Photos+CoreDataProperties.swift */ = {isa = PBXFileReference; lastKnownFileType = sourcecode.swift; path = "Photos+CoreDataProperties.swift"; sourceTree = "<group>"; };
		65B417871FA85DE6000FD441 /* CoreDataStack.swift */ = {isa = PBXFileReference; lastKnownFileType = sourcecode.swift; path = CoreDataStack.swift; sourceTree = "<group>"; };
		65C1EF301F9DC9B200789591 /* FlickrConstants.swift */ = {isa = PBXFileReference; lastKnownFileType = sourcecode.swift; path = FlickrConstants.swift; sourceTree = "<group>"; };
		65FF1B2E1FB969FD00013DB8 /* FlickrClient.swift */ = {isa = PBXFileReference; lastKnownFileType = sourcecode.swift; path = FlickrClient.swift; sourceTree = "<group>"; };
		65FF1B301FB96AF700013DB8 /* FlickrConvinienceFunctions.swift */ = {isa = PBXFileReference; lastKnownFileType = sourcecode.swift; path = FlickrConvinienceFunctions.swift; sourceTree = "<group>"; };
/* End PBXFileReference section */

/* Begin PBXFrameworksBuildPhase section */
		6567AA951F4E8E070018294C /* Frameworks */ = {
			isa = PBXFrameworksBuildPhase;
			buildActionMask = 2147483647;
			files = (
			);
			runOnlyForDeploymentPostprocessing = 0;
		};
/* End PBXFrameworksBuildPhase section */

/* Begin PBXGroup section */
		6567AA8F1F4E8E070018294C = {
			isa = PBXGroup;
			children = (
				6567AA9B1F4E8E070018294C /* AppDelegate.swift */,
				6567AAB01F4E8F920018294C /* GCDBlackBox.swift */,
				6515C6971F4EDD8D003116FE /* CoreDataConnection.swift */,
				6567AA9A1F4E8E070018294C /* Virtual Tourist */,
				6567AA991F4E8E070018294C /* Products */,
			);
			sourceTree = "<group>";
		};
		6567AA991F4E8E070018294C /* Products */ = {
			isa = PBXGroup;
			children = (
				6567AA981F4E8E070018294C /* Virtual Tourist.app */,
			);
			name = Products;
			sourceTree = "<group>";
		};
		6567AA9A1F4E8E070018294C /* Virtual Tourist */ = {
			isa = PBXGroup;
			children = (
				6567AAAD1F4E8E310018294C /* Models */,
				6567AAAE1F4E8E400018294C /* Views */,
				6567AAAF1F4E8E4C0018294C /* Controllers */,
				6567AAA21F4E8E070018294C /* Assets.xcassets */,
				6567AAA71F4E8E070018294C /* Info.plist */,
			);
			path = "Virtual Tourist";
			sourceTree = "<group>";
		};
		6567AAAD1F4E8E310018294C /* Models */ = {
			isa = PBXGroup;
			children = (
				656EF2C31FB4555A00847ED7 /* Photos+CoreDataClass.swift */,
				287010781FB981C700CF48B1 /* Pin+CoreDataClass.swift */,
				287010791FB981C700CF48B1 /* Pin+CoreDataProperties.swift */,
				656EF2C41FB4555A00847ED7 /* Photos+CoreDataProperties.swift */,
				65B417871FA85DE6000FD441 /* CoreDataStack.swift */,
				6567AAB41F4E93200018294C /* Model.xcdatamodeld */,
				6567AAB21F4E8FBD0018294C /* Clients */,
			);
			name = Models;
			sourceTree = "<group>";
		};
		6567AAAE1F4E8E400018294C /* Views */ = {
			isa = PBXGroup;
			children = (
				6567AA9F1F4E8E070018294C /* Main.storyboard */,
				6567AAA41F4E8E070018294C /* LaunchScreen.storyboard */,
			);
			name = Views;
			sourceTree = "<group>";
		};
		6567AAAF1F4E8E4C0018294C /* Controllers */ = {
			isa = PBXGroup;
			children = (
				6567AA9D1F4E8E070018294C /* ViewController.swift */,
				28E5A70B1F99A87000F68C71 /* FlickrCollectionViewController.swift */,
				650DFE021FB952C500B365BC /* HelperFunctions.swift */,
			);
			name = Controllers;
			sourceTree = "<group>";
		};
		6567AAB21F4E8FBD0018294C /* Clients */ = {
			isa = PBXGroup;
			children = (
				6567AAB31F4E8FC60018294C /* Flickr */,
			);
			name = Clients;
			sourceTree = "<group>";
		};
		6567AAB31F4E8FC60018294C /* Flickr */ = {
			isa = PBXGroup;
			children = (
				65FF1B2E1FB969FD00013DB8 /* FlickrClient.swift */,
				65C1EF301F9DC9B200789591 /* FlickrConstants.swift */,
				65FF1B301FB96AF700013DB8 /* FlickrConvinienceFunctions.swift */,
			);
			name = Flickr;
			sourceTree = "<group>";
		};
/* End PBXGroup section */

/* Begin PBXNativeTarget section */
		6567AA971F4E8E070018294C /* Virtual Tourist */ = {
			isa = PBXNativeTarget;
			buildConfigurationList = 6567AAAA1F4E8E070018294C /* Build configuration list for PBXNativeTarget "Virtual Tourist" */;
			buildPhases = (
				6567AA941F4E8E070018294C /* Sources */,
				6567AA951F4E8E070018294C /* Frameworks */,
				6567AA961F4E8E070018294C /* Resources */,
			);
			buildRules = (
			);
			dependencies = (
			);
			name = "Virtual Tourist";
			productName = "Virtual Tourist";
			productReference = 6567AA981F4E8E070018294C /* Virtual Tourist.app */;
			productType = "com.apple.product-type.application";
		};
/* End PBXNativeTarget section */

/* Begin PBXProject section */
		6567AA901F4E8E070018294C /* Project object */ = {
			isa = PBXProject;
			attributes = {
				LastSwiftUpdateCheck = 0830;
				LastUpgradeCheck = 0900;
				ORGANIZATIONNAME = "Markus Staas ";
				TargetAttributes = {
					6567AA971F4E8E070018294C = {
						CreatedOnToolsVersion = 8.3.3;
						DevelopmentTeam = 5552KJHMG4;
						ProvisioningStyle = Automatic;
					};
				};
			};
			buildConfigurationList = 6567AA931F4E8E070018294C /* Build configuration list for PBXProject "Virtual Tourist" */;
			compatibilityVersion = "Xcode 3.2";
			developmentRegion = English;
			hasScannedForEncodings = 0;
			knownRegions = (
				en,
				Base,
			);
			mainGroup = 6567AA8F1F4E8E070018294C;
			productRefGroup = 6567AA991F4E8E070018294C /* Products */;
			projectDirPath = "";
			projectRoot = "";
			targets = (
				6567AA971F4E8E070018294C /* Virtual Tourist */,
			);
		};
/* End PBXProject section */

/* Begin PBXResourcesBuildPhase section */
		6567AA961F4E8E070018294C /* Resources */ = {
			isa = PBXResourcesBuildPhase;
			buildActionMask = 2147483647;
			files = (
				6567AAA61F4E8E070018294C /* LaunchScreen.storyboard in Resources */,
				6567AAA31F4E8E070018294C /* Assets.xcassets in Resources */,
				6567AAA11F4E8E070018294C /* Main.storyboard in Resources */,
			);
			runOnlyForDeploymentPostprocessing = 0;
		};
/* End PBXResourcesBuildPhase section */

/* Begin PBXSourcesBuildPhase section */
		6567AA941F4E8E070018294C /* Sources */ = {
			isa = PBXSourcesBuildPhase;
			buildActionMask = 2147483647;
			files = (
				6567AA9E1F4E8E070018294C /* ViewController.swift in Sources */,
				28E5A70C1F99A87000F68C71 /* FlickrCollectionViewController.swift in Sources */,
				6567AAB11F4E8F920018294C /* GCDBlackBox.swift in Sources */,
				65C1EF311F9DC9B200789591 /* FlickrConstants.swift in Sources */,
				65B417881FA85DE6000FD441 /* CoreDataStack.swift in Sources */,
				650DFE031FB952C500B365BC /* HelperFunctions.swift in Sources */,
				2870107B1FB981C700CF48B1 /* Pin+CoreDataProperties.swift in Sources */,
				6567AA9C1F4E8E070018294C /* AppDelegate.swift in Sources */,
				65FF1B2F1FB969FD00013DB8 /* FlickrClient.swift in Sources */,
				6515C6981F4EDD8D003116FE /* CoreDataConnection.swift in Sources */,
				656EF2C61FB4555A00847ED7 /* Photos+CoreDataProperties.swift in Sources */,
				65FF1B311FB96AF700013DB8 /* FlickrConvinienceFunctions.swift in Sources */,
				6567AAB61F4E93200018294C /* Model.xcdatamodeld in Sources */,
				2870107A1FB981C700CF48B1 /* Pin+CoreDataClass.swift in Sources */,
				656EF2C51FB4555A00847ED7 /* Photos+CoreDataClass.swift in Sources */,
			);
			runOnlyForDeploymentPostprocessing = 0;
		};
/* End PBXSourcesBuildPhase section */

/* Begin PBXVariantGroup section */
		6567AA9F1F4E8E070018294C /* Main.storyboard */ = {
			isa = PBXVariantGroup;
			children = (
				6567AAA01F4E8E070018294C /* Base */,
			);
			name = Main.storyboard;
			sourceTree = "<group>";
		};
		6567AAA41F4E8E070018294C /* LaunchScreen.storyboard */ = {
			isa = PBXVariantGroup;
			children = (
				6567AAA51F4E8E070018294C /* Base */,
			);
			name = LaunchScreen.storyboard;
			sourceTree = "<group>";
		};
/* End PBXVariantGroup section */

/* Begin XCBuildConfiguration section */
		6567AAA81F4E8E070018294C /* Debug */ = {
			isa = XCBuildConfiguration;
			buildSettings = {
				ALWAYS_SEARCH_USER_PATHS = NO;
				CLANG_ANALYZER_NONNULL = YES;
				CLANG_ANALYZER_NUMBER_OBJECT_CONVERSION = YES_AGGRESSIVE;
				CLANG_CXX_LANGUAGE_STANDARD = "gnu++0x";
				CLANG_CXX_LIBRARY = "libc++";
				CLANG_ENABLE_MODULES = YES;
				CLANG_ENABLE_OBJC_ARC = YES;
				CLANG_WARN_BLOCK_CAPTURE_AUTORELEASING = YES;
				CLANG_WARN_BOOL_CONVERSION = YES;
				CLANG_WARN_COMMA = YES;
				CLANG_WARN_CONSTANT_CONVERSION = YES;
				CLANG_WARN_DIRECT_OBJC_ISA_USAGE = YES_ERROR;
				CLANG_WARN_DOCUMENTATION_COMMENTS = YES;
				CLANG_WARN_EMPTY_BODY = YES;
				CLANG_WARN_ENUM_CONVERSION = YES;
				CLANG_WARN_INFINITE_RECURSION = YES;
				CLANG_WARN_INT_CONVERSION = YES;
				CLANG_WARN_NON_LITERAL_NULL_CONVERSION = YES;
				CLANG_WARN_OBJC_LITERAL_CONVERSION = YES;
				CLANG_WARN_OBJC_ROOT_CLASS = YES_ERROR;
				CLANG_WARN_RANGE_LOOP_ANALYSIS = YES;
				CLANG_WARN_STRICT_PROTOTYPES = YES;
				CLANG_WARN_SUSPICIOUS_MOVE = YES;
				CLANG_WARN_UNREACHABLE_CODE = YES;
				CLANG_WARN__DUPLICATE_METHOD_MATCH = YES;
				"CODE_SIGN_IDENTITY[sdk=iphoneos*]" = "iPhone Developer";
				COPY_PHASE_STRIP = NO;
				DEBUG_INFORMATION_FORMAT = dwarf;
				ENABLE_STRICT_OBJC_MSGSEND = YES;
				ENABLE_TESTABILITY = YES;
				GCC_C_LANGUAGE_STANDARD = gnu99;
				GCC_DYNAMIC_NO_PIC = NO;
				GCC_NO_COMMON_BLOCKS = YES;
				GCC_OPTIMIZATION_LEVEL = 0;
				GCC_PREPROCESSOR_DEFINITIONS = (
					"DEBUG=1",
					"$(inherited)",
				);
				GCC_WARN_64_TO_32_BIT_CONVERSION = YES;
				GCC_WARN_ABOUT_RETURN_TYPE = YES_ERROR;
				GCC_WARN_UNDECLARED_SELECTOR = YES;
				GCC_WARN_UNINITIALIZED_AUTOS = YES_AGGRESSIVE;
				GCC_WARN_UNUSED_FUNCTION = YES;
				GCC_WARN_UNUSED_VARIABLE = YES;
				IPHONEOS_DEPLOYMENT_TARGET = 10.3;
				MTL_ENABLE_DEBUG_INFO = YES;
				ONLY_ACTIVE_ARCH = YES;
				SDKROOT = iphoneos;
				SWIFT_ACTIVE_COMPILATION_CONDITIONS = DEBUG;
				SWIFT_OPTIMIZATION_LEVEL = "-Onone";
			};
			name = Debug;
		};
		6567AAA91F4E8E070018294C /* Release */ = {
			isa = XCBuildConfiguration;
			buildSettings = {
				ALWAYS_SEARCH_USER_PATHS = NO;
				CLANG_ANALYZER_NONNULL = YES;
				CLANG_ANALYZER_NUMBER_OBJECT_CONVERSION = YES_AGGRESSIVE;
				CLANG_CXX_LANGUAGE_STANDARD = "gnu++0x";
				CLANG_CXX_LIBRARY = "libc++";
				CLANG_ENABLE_MODULES = YES;
				CLANG_ENABLE_OBJC_ARC = YES;
				CLANG_WARN_BLOCK_CAPTURE_AUTORELEASING = YES;
				CLANG_WARN_BOOL_CONVERSION = YES;
				CLANG_WARN_COMMA = YES;
				CLANG_WARN_CONSTANT_CONVERSION = YES;
				CLANG_WARN_DIRECT_OBJC_ISA_USAGE = YES_ERROR;
				CLANG_WARN_DOCUMENTATION_COMMENTS = YES;
				CLANG_WARN_EMPTY_BODY = YES;
				CLANG_WARN_ENUM_CONVERSION = YES;
				CLANG_WARN_INFINITE_RECURSION = YES;
				CLANG_WARN_INT_CONVERSION = YES;
				CLANG_WARN_NON_LITERAL_NULL_CONVERSION = YES;
				CLANG_WARN_OBJC_LITERAL_CONVERSION = YES;
				CLANG_WARN_OBJC_ROOT_CLASS = YES_ERROR;
				CLANG_WARN_RANGE_LOOP_ANALYSIS = YES;
				CLANG_WARN_STRICT_PROTOTYPES = YES;
				CLANG_WARN_SUSPICIOUS_MOVE = YES;
				CLANG_WARN_UNREACHABLE_CODE = YES;
				CLANG_WARN__DUPLICATE_METHOD_MATCH = YES;
				"CODE_SIGN_IDENTITY[sdk=iphoneos*]" = "iPhone Developer";
				COPY_PHASE_STRIP = NO;
				DEBUG_INFORMATION_FORMAT = "dwarf-with-dsym";
				ENABLE_NS_ASSERTIONS = NO;
				ENABLE_STRICT_OBJC_MSGSEND = YES;
				GCC_C_LANGUAGE_STANDARD = gnu99;
				GCC_NO_COMMON_BLOCKS = YES;
				GCC_WARN_64_TO_32_BIT_CONVERSION = YES;
				GCC_WARN_ABOUT_RETURN_TYPE = YES_ERROR;
				GCC_WARN_UNDECLARED_SELECTOR = YES;
				GCC_WARN_UNINITIALIZED_AUTOS = YES_AGGRESSIVE;
				GCC_WARN_UNUSED_FUNCTION = YES;
				GCC_WARN_UNUSED_VARIABLE = YES;
				IPHONEOS_DEPLOYMENT_TARGET = 10.3;
				MTL_ENABLE_DEBUG_INFO = NO;
				SDKROOT = iphoneos;
				SWIFT_OPTIMIZATION_LEVEL = "-Owholemodule";
				VALIDATE_PRODUCT = YES;
			};
			name = Release;
		};
		6567AAAB1F4E8E070018294C /* Debug */ = {
			isa = XCBuildConfiguration;
			buildSettings = {
				ASSETCATALOG_COMPILER_APPICON_NAME = AppIcon;
				DEVELOPMENT_TEAM = 5552KJHMG4;
				INFOPLIST_FILE = "Virtual Tourist/Info.plist";
				IPHONEOS_DEPLOYMENT_TARGET = 10.2;
				LD_RUNPATH_SEARCH_PATHS = "$(inherited) @executable_path/Frameworks";
				PRODUCT_BUNDLE_IDENTIFIER = "com.markusstaas.Virtual-Tourist";
				PRODUCT_NAME = "$(TARGET_NAME)";
				SDKROOT = iphoneos;
				SWIFT_VERSION = 3.0;
			};
			name = Debug;
		};
		6567AAAC1F4E8E070018294C /* Release */ = {
			isa = XCBuildConfiguration;
			buildSettings = {
				ASSETCATALOG_COMPILER_APPICON_NAME = AppIcon;
				DEVELOPMENT_TEAM = 5552KJHMG4;
				INFOPLIST_FILE = "Virtual Tourist/Info.plist";
				IPHONEOS_DEPLOYMENT_TARGET = 10.2;
				LD_RUNPATH_SEARCH_PATHS = "$(inherited) @executable_path/Frameworks";
				PRODUCT_BUNDLE_IDENTIFIER = "com.markusstaas.Virtual-Tourist";
				PRODUCT_NAME = "$(TARGET_NAME)";
				SDKROOT = iphoneos;
				SWIFT_VERSION = 3.0;
			};
			name = Release;
		};
/* End XCBuildConfiguration section */

/* Begin XCConfigurationList section */
		6567AA931F4E8E070018294C /* Build configuration list for PBXProject "Virtual Tourist" */ = {
			isa = XCConfigurationList;
			buildConfigurations = (
				6567AAA81F4E8E070018294C /* Debug */,
				6567AAA91F4E8E070018294C /* Release */,
			);
			defaultConfigurationIsVisible = 0;
			defaultConfigurationName = Release;
		};
		6567AAAA1F4E8E070018294C /* Build configuration list for PBXNativeTarget "Virtual Tourist" */ = {
			isa = XCConfigurationList;
			buildConfigurations = (
				6567AAAB1F4E8E070018294C /* Debug */,
				6567AAAC1F4E8E070018294C /* Release */,
			);
			defaultConfigurationIsVisible = 0;
			defaultConfigurationName = Release;
		};
/* End XCConfigurationList section */

/* Begin XCVersionGroup section */
		6567AAB41F4E93200018294C /* Model.xcdatamodeld */ = {
			isa = XCVersionGroup;
			children = (
				6567AAB51F4E93200018294C /* Model.xcdatamodel */,
			);
			currentVersion = 6567AAB51F4E93200018294C /* Model.xcdatamodel */;
			name = Model.xcdatamodeld;
			path = ../Model.xcdatamodeld;
			sourceTree = "<group>";
			versionGroupType = wrapper.xcdatamodel;
		};
/* End XCVersionGroup section */
	};
	rootObject = 6567AA901F4E8E070018294C /* Project object */;
}
